
Microsoft Visual Studio Solution File, Format Version 12.00
# Visual Studio Version 16
VisualStudioVersion = 16.0.31702.278
MinimumVisualStudioVersion = 10.0.40219.1
Project("{FAE04EC0-301F-11D3-BF4B-00C04F79EFBC}") = "OopInterfaces", "OopInterfaces\OopInterfaces.csproj", "{A6BD4783-7253-488D-A355-D3192D24FD59}"
EndProject
Global
	GlobalSection(SolutionConfigurationPlatforms) = preSolution
		Debug|Any CPU = Debug|Any CPU
		Release|Any CPU = Release|Any CPU
	EndGlobalSection
	GlobalSection(ProjectConfigurationPlatforms) = postSolution
		{A6BD4783-7253-488D-A355-D3192D24FD59}.Debug|Any CPU.ActiveCfg = Debug|Any CPU
		{A6BD4783-7253-488D-A355-D3192D24FD59}.Debug|Any CPU.Build.0 = Debug|Any CPU
		{A6BD4783-7253-488D-A355-D3192D24FD59}.Release|Any CPU.ActiveCfg = Release|Any CPU
		{A6BD4783-7253-488D-A355-D3192D24FD59}.Release|Any CPU.Build.0 = Release|Any CPU
	EndGlobalSection
	GlobalSection(SolutionProperties) = preSolution
		HideSolutionNode = FALSE
	EndGlobalSection
	GlobalSection(ExtensibilityGlobals) = postSolution
		SolutionGuid = {4ECD75EB-FA96-4801-8D96-EE96BE472506}
	EndGlobalSection
EndGlobal
